
Microsoft Visual Studio Solution File, Format Version 12.00
# Visual Studio 14
VisualStudioVersion = 14.0.22823.1
MinimumVisualStudioVersion = 10.0.40219.1
Project("{FAE04EC0-301F-11D3-BF4B-00C04F79EFBC}") = "NeuralNetworkTest", "NeuralNetworkTest\NeuralNetworkTest.csproj", "{82278F77-99C6-41F7-B739-F02AED8E80F1}"
EndProject
Project("{2150E333-8FDC-42A3-9474-1A3956D46DE8}") = "Solution Items", "Solution Items", "{F4C4FCEE-233F-4587-87FE-CC5A01739812}"
	ProjectSection(SolutionItems) = preProject
		Performance1.psess = Performance1.psess
		Performance2.psess = Performance2.psess
	EndProjectSection
EndProject
Global
	GlobalSection(SolutionConfigurationPlatforms) = preSolution
		Debug|Any CPU = Debug|Any CPU
		Release|Any CPU = Release|Any CPU
	EndGlobalSection
	GlobalSection(ProjectConfigurationPlatforms) = postSolution
		{82278F77-99C6-41F7-B739-F02AED8E80F1}.Debug|Any CPU.ActiveCfg = Debug|Any CPU
		{82278F77-99C6-41F7-B739-F02AED8E80F1}.Debug|Any CPU.Build.0 = Debug|Any CPU
		{82278F77-99C6-41F7-B739-F02AED8E80F1}.Release|Any CPU.ActiveCfg = Release|Any CPU
		{82278F77-99C6-41F7-B739-F02AED8E80F1}.Release|Any CPU.Build.0 = Release|Any CPU
	EndGlobalSection
	GlobalSection(SolutionProperties) = preSolution
		HideSolutionNode = FALSE
	EndGlobalSection
EndGlobal
